# THIS IS AN AUTOGENERATED FILE. DO NOT EDIT THIS FILE DIRECTLY.
# yarn lockfile v1


"@types/node@*":
  version "17.0.31"
  resolved "https://registry.yarnpkg.com/@types/node/-/node-17.0.31.tgz#a5bb84ecfa27eec5e1c802c6bbf8139bdb163a5d"
  integrity sha512-AR0x5HbXGqkEx9CadRH3EBYx/VkiUgZIhP4wvPn/+5KIsgpNoyFaRlVe0Zlx9gRtg8fA06a9tskE2MSN7TcG4Q==

normalize-diacritics@^3.0.8:
  version "3.0.8"
  resolved "https://registry.yarnpkg.com/normalize-diacritics/-/normalize-diacritics-3.0.8.tgz#db275b3cc3d7b9fd798e4d1fd972ca149e2ba086"
  integrity sha512-1F5TgjYThbfRNYVSH00W5WPhngngNl8JqpiRWvLjlJQTLn4DM1DP6PIjMbR9xibj9eKnzvApBnk4uEHoC7si7w==
  dependencies:
    tslib "^2.1.0"

tslib@^2.1.0:
  version "2.4.0"
  resolved "https://registry.yarnpkg.com/tslib/-/tslib-2.4.0.tgz#7cecaa7f073ce680a05847aa77be941098f36dc3"
  integrity sha512-d6xOpEDfsi2CZVlPQzGeux8XMwLT9hssAsaPYExaQMuYskwb+x1x7J371tWlbBdWHroy99KnVB6qIkUbs5X3UQ==
